
Microsoft Visual Studio Solution File, Format Version 12.00
# Visual Studio Version 16
VisualStudioVersion = 16.0.30524.135
MinimumVisualStudioVersion = 15.0.26124.0
Project("{FAE04EC0-301F-11D3-BF4B-00C04F79EFBC}") = "Prism04", "Prism04\Prism04.csproj", "{7865059A-FF16-4FF0-B9C5-C96235B8F3B9}"
EndProject
Project("{FAE04EC0-301F-11D3-BF4B-00C04F79EFBC}") = "Prism01", "Prism01\Prism01.csproj", "{DECE14AB-D504-4A4D-90AD-5E4ED851E6E1}"
EndProject
Global
	GlobalSection(SolutionConfigurationPlatforms) = preSolution
		Debug|Any CPU = Debug|Any CPU
		Debug|x64 = Debug|x64
		Debug|x86 = Debug|x86
		Release|Any CPU = Release|Any CPU
		Release|x64 = Release|x64
		Release|x86 = Release|x86
	EndGlobalSection
	GlobalSection(ProjectConfigurationPlatforms) = postSolution
		{7865059A-FF16-4FF0-B9C5-C96235B8F3B9}.Debug|Any CPU.ActiveCfg = Debug|Any CPU
		{7865059A-FF16-4FF0-B9C5-C96235B8F3B9}.Debug|Any CPU.Build.0 = Debug|Any CPU
		{7865059A-FF16-4FF0-B9C5-C96235B8F3B9}.Debug|x64.ActiveCfg = Debug|Any CPU
		{7865059A-FF16-4FF0-B9C5-C96235B8F3B9}.Debug|x64.Build.0 = Debug|Any CPU
		{7865059A-FF16-4FF0-B9C5-C96235B8F3B9}.Debug|x86.ActiveCfg = Debug|Any CPU
		{7865059A-FF16-4FF0-B9C5-C96235B8F3B9}.Debug|x86.Build.0 = Debug|Any CPU
		{7865059A-FF16-4FF0-B9C5-C96235B8F3B9}.Release|Any CPU.ActiveCfg = Release|Any CPU
		{7865059A-FF16-4FF0-B9C5-C96235B8F3B9}.Release|Any CPU.Build.0 = Release|Any CPU
		{7865059A-FF16-4FF0-B9C5-C96235B8F3B9}.Release|x64.ActiveCfg = Release|Any CPU
		{7865059A-FF16-4FF0-B9C5-C96235B8F3B9}.Release|x64.Build.0 = Release|Any CPU
		{7865059A-FF16-4FF0-B9C5-C96235B8F3B9}.Release|x86.ActiveCfg = Release|Any CPU
		{7865059A-FF16-4FF0-B9C5-C96235B8F3B9}.Release|x86.Build.0 = Release|Any CPU
		{DECE14AB-D504-4A4D-90AD-5E4ED851E6E1}.Debug|Any CPU.ActiveCfg = Debug|Any CPU
		{DECE14AB-D504-4A4D-90AD-5E4ED851E6E1}.Debug|Any CPU.Build.0 = Debug|Any CPU
		{DECE14AB-D504-4A4D-90AD-5E4ED851E6E1}.Debug|x64.ActiveCfg = Debug|Any CPU
		{DECE14AB-D504-4A4D-90AD-5E4ED851E6E1}.Debug|x64.Build.0 = Debug|Any CPU
		{DECE14AB-D504-4A4D-90AD-5E4ED851E6E1}.Debug|x86.ActiveCfg = Debug|Any CPU
		{DECE14AB-D504-4A4D-90AD-5E4ED851E6E1}.Debug|x86.Build.0 = Debug|Any CPU
		{DECE14AB-D504-4A4D-90AD-5E4ED851E6E1}.Release|Any CPU.ActiveCfg = Release|Any CPU
		{DECE14AB-D504-4A4D-90AD-5E4ED851E6E1}.Release|Any CPU.Build.0 = Release|Any CPU
		{DECE14AB-D504-4A4D-90AD-5E4ED851E6E1}.Release|x64.ActiveCfg = Release|Any CPU
		{DECE14AB-D504-4A4D-90AD-5E4ED851E6E1}.Release|x64.Build.0 = Release|Any CPU
		{DECE14AB-D504-4A4D-90AD-5E4ED851E6E1}.Release|x86.ActiveCfg = Release|Any CPU
		{DECE14AB-D504-4A4D-90AD-5E4ED851E6E1}.Release|x86.Build.0 = Release|Any CPU
	EndGlobalSection
	GlobalSection(SolutionProperties) = preSolution
		HideSolutionNode = FALSE
	EndGlobalSection
	GlobalSection(ExtensibilityGlobals) = postSolution
		SolutionGuid = {840F0819-38CE-4BBD-A9D9-F2FAF6FFF0CB}
	EndGlobalSection
EndGlobal
