
Microsoft Visual Studio Solution File, Format Version 12.00
# Visual Studio Version 16
VisualStudioVersion = 16.0.30524.135
MinimumVisualStudioVersion = 10.0.40219.1
Project("{9A19103F-16F7-4668-BE54-9A1E7A4F7556}") = "UsingEventAggregator", "UsingEventAggregator\UsingEventAggregator.csproj", "{99C9E82C-C594-446D-AA59-8FFBC43AD226}"
EndProject
Project("{9A19103F-16F7-4668-BE54-9A1E7A4F7556}") = "ModuleA", "ModuleA\ModuleA.csproj", "{AB8B448C-DD74-4D60-A041-3E5D03A32180}"
EndProject
Project("{9A19103F-16F7-4668-BE54-9A1E7A4F7556}") = "ModuleB", "ModuleB\ModuleB.csproj", "{3AF56532-15B2-436E-8813-BA13B64DFBB3}"
EndProject
Project("{9A19103F-16F7-4668-BE54-9A1E7A4F7556}") = "UsingEventAggregator.Core", "UsingEventAggregator.Core\UsingEventAggregator.Core.csproj", "{E97A55B5-66F7-48C8-908D-C1C0C3D780C8}"
EndProject
Project("{2150E333-8FDC-42A3-9474-1A3956D46DE8}") = "Solution Items", "Solution Items", "{16527E4C-027F-4272-9868-6651FDD2B83F}"
	ProjectSection(SolutionItems) = preProject
		README.md = README.md
	EndProjectSection
EndProject
Global
	GlobalSection(SolutionConfigurationPlatforms) = preSolution
		Debug|Any CPU = Debug|Any CPU
		Release|Any CPU = Release|Any CPU
	EndGlobalSection
	GlobalSection(ProjectConfigurationPlatforms) = postSolution
		{99C9E82C-C594-446D-AA59-8FFBC43AD226}.Debug|Any CPU.ActiveCfg = Debug|Any CPU
		{99C9E82C-C594-446D-AA59-8FFBC43AD226}.Debug|Any CPU.Build.0 = Debug|Any CPU
		{99C9E82C-C594-446D-AA59-8FFBC43AD226}.Release|Any CPU.ActiveCfg = Release|Any CPU
		{99C9E82C-C594-446D-AA59-8FFBC43AD226}.Release|Any CPU.Build.0 = Release|Any CPU
		{AB8B448C-DD74-4D60-A041-3E5D03A32180}.Debug|Any CPU.ActiveCfg = Debug|Any CPU
		{AB8B448C-DD74-4D60-A041-3E5D03A32180}.Debug|Any CPU.Build.0 = Debug|Any CPU
		{AB8B448C-DD74-4D60-A041-3E5D03A32180}.Release|Any CPU.ActiveCfg = Release|Any CPU
		{AB8B448C-DD74-4D60-A041-3E5D03A32180}.Release|Any CPU.Build.0 = Release|Any CPU
		{3AF56532-15B2-436E-8813-BA13B64DFBB3}.Debug|Any CPU.ActiveCfg = Debug|Any CPU
		{3AF56532-15B2-436E-8813-BA13B64DFBB3}.Debug|Any CPU.Build.0 = Debug|Any CPU
		{3AF56532-15B2-436E-8813-BA13B64DFBB3}.Release|Any CPU.ActiveCfg = Release|Any CPU
		{3AF56532-15B2-436E-8813-BA13B64DFBB3}.Release|Any CPU.Build.0 = Release|Any CPU
		{E97A55B5-66F7-48C8-908D-C1C0C3D780C8}.Debug|Any CPU.ActiveCfg = Debug|Any CPU
		{E97A55B5-66F7-48C8-908D-C1C0C3D780C8}.Debug|Any CPU.Build.0 = Debug|Any CPU
		{E97A55B5-66F7-48C8-908D-C1C0C3D780C8}.Release|Any CPU.ActiveCfg = Release|Any CPU
		{E97A55B5-66F7-48C8-908D-C1C0C3D780C8}.Release|Any CPU.Build.0 = Release|Any CPU
	EndGlobalSection
	GlobalSection(SolutionProperties) = preSolution
		HideSolutionNode = FALSE
	EndGlobalSection
	GlobalSection(ExtensibilityGlobals) = postSolution
		SolutionGuid = {256EDD0D-B888-4AC6-8C76-E64376C68C47}
	EndGlobalSection
EndGlobal
